
Microsoft Visual Studio Solution File, Format Version 12.00
# Visual Studio Version 17
VisualStudioVersion = 17.5.33502.453
MinimumVisualStudioVersion = 10.0.40219.1
Project("{9A19103F-16F7-4668-BE54-9A1E7A4F7556}") = "Domain", "Domain\Domain.csproj", "{810A2EBA-F04D-4F96-92B8-3B01A52F2092}"
EndProject
Project("{9A19103F-16F7-4668-BE54-9A1E7A4F7556}") = "InfraData", "InfraData\InfraData.csproj", "{0BC23C29-34BD-4AD9-ACB5-2657624CEB96}"
EndProject
Project("{9A19103F-16F7-4668-BE54-9A1E7A4F7556}") = "InfraIOC", "InfraIOC\InfraIOC.csproj", "{7A04E411-5E1A-4A19-8B94-B71FCB586D15}"
EndProject
Project("{9A19103F-16F7-4668-BE54-9A1E7A4F7556}") = "WebAPI", "WebAPI\WebAPI.csproj", "{41193380-8E42-4C7A-87E5-8CD83C08E5FE}"
EndProject
Project("{FAE04EC0-301F-11D3-BF4B-00C04F79EFBC}") = "Application", "Application\Application.csproj", "{163A8B30-8378-445D-B2B0-8D13B0313D59}"
EndProject
Global
	GlobalSection(SolutionConfigurationPlatforms) = preSolution
		Debug|Any CPU = Debug|Any CPU
		Release|Any CPU = Release|Any CPU
	EndGlobalSection
	GlobalSection(ProjectConfigurationPlatforms) = postSolution
		{810A2EBA-F04D-4F96-92B8-3B01A52F2092}.Debug|Any CPU.ActiveCfg = Debug|Any CPU
		{810A2EBA-F04D-4F96-92B8-3B01A52F2092}.Debug|Any CPU.Build.0 = Debug|Any CPU
		{810A2EBA-F04D-4F96-92B8-3B01A52F2092}.Release|Any CPU.ActiveCfg = Release|Any CPU
		{810A2EBA-F04D-4F96-92B8-3B01A52F2092}.Release|Any CPU.Build.0 = Release|Any CPU
		{0BC23C29-34BD-4AD9-ACB5-2657624CEB96}.Debug|Any CPU.ActiveCfg = Debug|Any CPU
		{0BC23C29-34BD-4AD9-ACB5-2657624CEB96}.Debug|Any CPU.Build.0 = Debug|Any CPU
		{0BC23C29-34BD-4AD9-ACB5-2657624CEB96}.Release|Any CPU.ActiveCfg = Release|Any CPU
		{0BC23C29-34BD-4AD9-ACB5-2657624CEB96}.Release|Any CPU.Build.0 = Release|Any CPU
		{7A04E411-5E1A-4A19-8B94-B71FCB586D15}.Debug|Any CPU.ActiveCfg = Debug|Any CPU
		{7A04E411-5E1A-4A19-8B94-B71FCB586D15}.Debug|Any CPU.Build.0 = Debug|Any CPU
		{7A04E411-5E1A-4A19-8B94-B71FCB586D15}.Release|Any CPU.ActiveCfg = Release|Any CPU
		{7A04E411-5E1A-4A19-8B94-B71FCB586D15}.Release|Any CPU.Build.0 = Release|Any CPU
		{41193380-8E42-4C7A-87E5-8CD83C08E5FE}.Debug|Any CPU.ActiveCfg = Debug|Any CPU
		{41193380-8E42-4C7A-87E5-8CD83C08E5FE}.Debug|Any CPU.Build.0 = Debug|Any CPU
		{41193380-8E42-4C7A-87E5-8CD83C08E5FE}.Release|Any CPU.ActiveCfg = Release|Any CPU
		{41193380-8E42-4C7A-87E5-8CD83C08E5FE}.Release|Any CPU.Build.0 = Release|Any CPU
		{163A8B30-8378-445D-B2B0-8D13B0313D59}.Debug|Any CPU.ActiveCfg = Debug|Any CPU
		{163A8B30-8378-445D-B2B0-8D13B0313D59}.Debug|Any CPU.Build.0 = Debug|Any CPU
		{163A8B30-8378-445D-B2B0-8D13B0313D59}.Release|Any CPU.ActiveCfg = Release|Any CPU
		{163A8B30-8378-445D-B2B0-8D13B0313D59}.Release|Any CPU.Build.0 = Release|Any CPU
	EndGlobalSection
	GlobalSection(SolutionProperties) = preSolution
		HideSolutionNode = FALSE
	EndGlobalSection
	GlobalSection(ExtensibilityGlobals) = postSolution
		SolutionGuid = {E4FEAB76-B1E3-43A8-AFA2-A414ED29CEEE}
	EndGlobalSection
EndGlobal
